
Microsoft Visual Studio Solution File, Format Version 12.00
# Visual Studio Version 16
VisualStudioVersion = 16.0.30907.101
MinimumVisualStudioVersion = 10.0.40219.1
Project("{FAE04EC0-301F-11D3-BF4B-00C04F79EFBC}") = "WorkHourCalculator", "WorkHourCalculator.csproj", "{B3738180-B3BB-47CF-8880-EFA65796D874}"
EndProject
Global
	GlobalSection(SolutionConfigurationPlatforms) = preSolution
		Debug|Any CPU = Debug|Any CPU
		Release|Any CPU = Release|Any CPU
	EndGlobalSection
	GlobalSection(ProjectConfigurationPlatforms) = postSolution
		{B3738180-B3BB-47CF-8880-EFA65796D874}.Debug|Any CPU.ActiveCfg = Release|Any CPU
		{B3738180-B3BB-47CF-8880-EFA65796D874}.Debug|Any CPU.Build.0 = Release|Any CPU
		{B3738180-B3BB-47CF-8880-EFA65796D874}.Release|Any CPU.ActiveCfg = Debug|Any CPU
		{B3738180-B3BB-47CF-8880-EFA65796D874}.Release|Any CPU.Build.0 = Debug|Any CPU
	EndGlobalSection
	GlobalSection(SolutionProperties) = preSolution
		HideSolutionNode = FALSE
	EndGlobalSection
	GlobalSection(ExtensibilityGlobals) = postSolution
		SolutionGuid = {D676F9C8-7B9E-4380-9490-1A1A2D260134}
	EndGlobalSection
EndGlobal
